
Microsoft Visual Studio Solution File, Format Version 12.00
# Visual Studio Version 17
VisualStudioVersion = 17.5.002.0
MinimumVisualStudioVersion = 10.0.40219.1
Project("{9A19103F-16F7-4668-BE54-9A1E7A4F7556}") = "Cliente", "Cliente\Cliente.csproj", "{41A9FD28-3940-462B-9D06-8D37D2B525EC}"
EndProject
Project("{9A19103F-16F7-4668-BE54-9A1E7A4F7556}") = "Servidor", "Servidor\Servidor.csproj", "{4D387B56-18EF-45D0-BBCF-60D31817BF46}"
EndProject
Global
	GlobalSection(SolutionConfigurationPlatforms) = preSolution
		Debug|Any CPU = Debug|Any CPU
		Release|Any CPU = Release|Any CPU
	EndGlobalSection
	GlobalSection(ProjectConfigurationPlatforms) = postSolution
		{41A9FD28-3940-462B-9D06-8D37D2B525EC}.Debug|Any CPU.ActiveCfg = Debug|Any CPU
		{41A9FD28-3940-462B-9D06-8D37D2B525EC}.Debug|Any CPU.Build.0 = Debug|Any CPU
		{41A9FD28-3940-462B-9D06-8D37D2B525EC}.Release|Any CPU.ActiveCfg = Release|Any CPU
		{41A9FD28-3940-462B-9D06-8D37D2B525EC}.Release|Any CPU.Build.0 = Release|Any CPU
		{4D387B56-18EF-45D0-BBCF-60D31817BF46}.Debug|Any CPU.ActiveCfg = Debug|Any CPU
		{4D387B56-18EF-45D0-BBCF-60D31817BF46}.Debug|Any CPU.Build.0 = Debug|Any CPU
		{4D387B56-18EF-45D0-BBCF-60D31817BF46}.Release|Any CPU.ActiveCfg = Release|Any CPU
		{4D387B56-18EF-45D0-BBCF-60D31817BF46}.Release|Any CPU.Build.0 = Release|Any CPU
	EndGlobalSection
	GlobalSection(SolutionProperties) = preSolution
		HideSolutionNode = FALSE
	EndGlobalSection
	GlobalSection(ExtensibilityGlobals) = postSolution
		SolutionGuid = {EE56E3EB-2BC0-4DB4-B1E2-043AEAF24627}
	EndGlobalSection
EndGlobal
